
Microsoft Visual Studio Solution File, Format Version 12.00
# Visual Studio Version 16
VisualStudioVersion = 16.0.30503.244
MinimumVisualStudioVersion = 10.0.40219.1
Project("{9A19103F-16F7-4668-BE54-9A1E7A4F7556}") = "coreSistema", "coreSistema\coreSistema.csproj", "{2044EF33-B2E2-4099-BFC3-6383862A0754}"
EndProject
Project("{FAE04EC0-301F-11D3-BF4B-00C04F79EFBC}") = "coreSistema.AccesoDatos", "coreSistema.AccesoDatos\coreSistema.AccesoDatos.csproj", "{63CF4E44-A48B-4778-BD19-40DE57B2DD64}"
EndProject
Project("{FAE04EC0-301F-11D3-BF4B-00C04F79EFBC}") = "coreSistema.Models", "coreSistema.Models\coreSistema.Models.csproj", "{89C24055-F48B-43F6-BDE6-5CB8362F6204}"
EndProject
Project("{FAE04EC0-301F-11D3-BF4B-00C04F79EFBC}") = "coreSistema.Utilidades", "coreSistema.Utilidades\coreSistema.Utilidades.csproj", "{24FDDE0C-3A4A-4E21-9D53-11E5385F4901}"
EndProject
Global
	GlobalSection(SolutionConfigurationPlatforms) = preSolution
		Debug|Any CPU = Debug|Any CPU
		Release|Any CPU = Release|Any CPU
	EndGlobalSection
	GlobalSection(ProjectConfigurationPlatforms) = postSolution
		{2044EF33-B2E2-4099-BFC3-6383862A0754}.Debug|Any CPU.ActiveCfg = Debug|Any CPU
		{2044EF33-B2E2-4099-BFC3-6383862A0754}.Debug|Any CPU.Build.0 = Debug|Any CPU
		{2044EF33-B2E2-4099-BFC3-6383862A0754}.Release|Any CPU.ActiveCfg = Release|Any CPU
		{2044EF33-B2E2-4099-BFC3-6383862A0754}.Release|Any CPU.Build.0 = Release|Any CPU
		{63CF4E44-A48B-4778-BD19-40DE57B2DD64}.Debug|Any CPU.ActiveCfg = Debug|Any CPU
		{63CF4E44-A48B-4778-BD19-40DE57B2DD64}.Debug|Any CPU.Build.0 = Debug|Any CPU
		{63CF4E44-A48B-4778-BD19-40DE57B2DD64}.Release|Any CPU.ActiveCfg = Release|Any CPU
		{63CF4E44-A48B-4778-BD19-40DE57B2DD64}.Release|Any CPU.Build.0 = Release|Any CPU
		{89C24055-F48B-43F6-BDE6-5CB8362F6204}.Debug|Any CPU.ActiveCfg = Debug|Any CPU
		{89C24055-F48B-43F6-BDE6-5CB8362F6204}.Debug|Any CPU.Build.0 = Debug|Any CPU
		{89C24055-F48B-43F6-BDE6-5CB8362F6204}.Release|Any CPU.ActiveCfg = Release|Any CPU
		{89C24055-F48B-43F6-BDE6-5CB8362F6204}.Release|Any CPU.Build.0 = Release|Any CPU
		{24FDDE0C-3A4A-4E21-9D53-11E5385F4901}.Debug|Any CPU.ActiveCfg = Debug|Any CPU
		{24FDDE0C-3A4A-4E21-9D53-11E5385F4901}.Debug|Any CPU.Build.0 = Debug|Any CPU
		{24FDDE0C-3A4A-4E21-9D53-11E5385F4901}.Release|Any CPU.ActiveCfg = Release|Any CPU
		{24FDDE0C-3A4A-4E21-9D53-11E5385F4901}.Release|Any CPU.Build.0 = Release|Any CPU
	EndGlobalSection
	GlobalSection(SolutionProperties) = preSolution
		HideSolutionNode = FALSE
	EndGlobalSection
	GlobalSection(ExtensibilityGlobals) = postSolution
		SolutionGuid = {67D9A314-286D-46AA-8EA6-DC0ABDCFA52B}
	EndGlobalSection
EndGlobal
